
Microsoft Visual Studio Solution File, Format Version 12.00
# Visual Studio Version 17
VisualStudioVersion = 17.5.002.0
MinimumVisualStudioVersion = 10.0.40219.1
Project("{9A19103F-16F7-4668-BE54-9A1E7A4F7556}") = "open-sos-id", "open-sos-id.csproj", "{0153FBF7-BED0-4F3A-81C7-DF9CC60EC6C3}"
EndProject
Global
	GlobalSection(SolutionConfigurationPlatforms) = preSolution
		Debug|Any CPU = Debug|Any CPU
		Release|Any CPU = Release|Any CPU
	EndGlobalSection
	GlobalSection(ProjectConfigurationPlatforms) = postSolution
		{0153FBF7-BED0-4F3A-81C7-DF9CC60EC6C3}.Debug|Any CPU.ActiveCfg = Debug|Any CPU
		{0153FBF7-BED0-4F3A-81C7-DF9CC60EC6C3}.Debug|Any CPU.Build.0 = Debug|Any CPU
		{0153FBF7-BED0-4F3A-81C7-DF9CC60EC6C3}.Release|Any CPU.ActiveCfg = Release|Any CPU
		{0153FBF7-BED0-4F3A-81C7-DF9CC60EC6C3}.Release|Any CPU.Build.0 = Release|Any CPU
	EndGlobalSection
	GlobalSection(SolutionProperties) = preSolution
		HideSolutionNode = FALSE
	EndGlobalSection
	GlobalSection(ExtensibilityGlobals) = postSolution
		SolutionGuid = {33BEE019-59F1-48B5-9119-0DCC5ED348B6}
	EndGlobalSection
EndGlobal
